<Solution>
  <Folder Name="/src/">
    <Project Path="src/TqkLibrary.StreamRelay.AspNetCore/TqkLibrary.StreamRelay.AspNetCore.csproj" />
    <Project Path="src/TqkLibrary.StreamRelay.Core/TqkLibrary.StreamRelay.Core.csproj" />
    <Project Path="src/TqkLibrary.StreamRelay.Demux.FFmpeg/TqkLibrary.StreamRelay.Demux.FFmpeg.csproj" />
  </Folder>
  <Folder Name="/test/">
    <Project Path="test/TqkLibrary.StreamRelay.Test/TqkLibrary.StreamRelay.Test.csproj" />
  </Folder>
</Solution>
